
Microsoft Visual Studio Solution File, Format Version 12.00
# Visual Studio Version 17
VisualStudioVersion = 17.14.36414.22 d17.14
MinimumVisualStudioVersion = 10.0.40219.1
Project("{FAE04EC0-301F-11D3-BF4B-00C04F79EFBC}") = "ConsoleProject", "ConsoleProject.csproj", "{A9397E9B-C445-4B38-9C4F-254681EA670B}"
EndProject
Global
	GlobalSection(SolutionConfigurationPlatforms) = preSolution
		Debug|Any CPU = Debug|Any CPU
		Release|Any CPU = Release|Any CPU
	EndGlobalSection
	GlobalSection(ProjectConfigurationPlatforms) = postSolution
		{A9397E9B-C445-4B38-9C4F-254681EA670B}.Debug|Any CPU.ActiveCfg = Debug|Any CPU
		{A9397E9B-C445-4B38-9C4F-254681EA670B}.Debug|Any CPU.Build.0 = Debug|Any CPU
		{A9397E9B-C445-4B38-9C4F-254681EA670B}.Release|Any CPU.ActiveCfg = Release|Any CPU
		{A9397E9B-C445-4B38-9C4F-254681EA670B}.Release|Any CPU.Build.0 = Release|Any CPU
	EndGlobalSection
	GlobalSection(SolutionProperties) = preSolution
		HideSolutionNode = FALSE
	EndGlobalSection
	GlobalSection(ExtensibilityGlobals) = postSolution
		SolutionGuid = {1B3DBA44-1A1C-4DC2-BE9D-D80CE912D839}
	EndGlobalSection
EndGlobal
